# This file is @generated by PDM.
# It is not intended for manual editing.

[metadata]
groups = ["default", "dev"]
strategy = ["cross_platform"]
lock_version = "4.4"
content_hash = "sha256:2e3fd3c8e520be693705a76901a1b0875ac56ab2208022fbbae1e69b117ca9c2"

[[package]]
name = "attrs"
version = "23.1.0"
requires_python = ">=3.7"
summary = "Classes Without Boilerplate"
files = [
    {file = "attrs-23.1.0-py3-none-any.whl", hash = "sha256:1f28b4522cdc2fb4256ac1a020c78acf9cba2c6b461ccd2c126f3aa8e8335d04"},
    {file = "attrs-23.1.0.tar.gz", hash = "sha256:6279836d581513a26f1bf235f9acd333bc9115683f14f7e8fae46c98fc50e015"},
]

[[package]]
name = "basil-parser"
version = "0.4.3"
requires_python = ">=3.11"
summary = "Parser library using JSON file to describe language."
files = [
    {file = "basil_parser-0.4.3-py3-none-any.whl", hash = "sha256:26e64f01aeb2d7c8d26266e71b79ebecb6857579e4fdcbd479350470059c79a4"},
    {file = "basil_parser-0.4.3.tar.gz", hash = "sha256:2835fda231bc7a58eec60bbd607d004187836414456c24d63f756b3f085f3797"},
]

[[package]]
name = "certifi"
version = "2023.11.17"
requires_python = ">=3.6"
summary = "Python package for providing Mozilla's CA Bundle."
files = [
    {file = "certifi-2023.11.17-py3-none-any.whl", hash = "sha256:e036ab49d5b79556f99cfc2d9320b34cfbe5be05c5871b51de9329f0603b0474"},
    {file = "certifi-2023.11.17.tar.gz", hash = "sha256:9b469f3a900bf28dc19b8cfbf8019bf47f7fdd1a65a1d4ffb98fc14166beb4d1"},
]

[[package]]
name = "cfgv"
version = "3.4.0"
requires_python = ">=3.8"
summary = "Validate configuration and produce human readable error messages."
files = [
    {file = "cfgv-3.4.0-py2.py3-none-any.whl", hash = "sha256:b7265b1f29fd3316bfcd2b330d63d024f2bfd8bcb8b0272f8e19a504856c48f9"},
    {file = "cfgv-3.4.0.tar.gz", hash = "sha256:e52591d4c5f5dead8e0f673fb16db7949d2cfb3f7da4582893288f0ded8fe560"},
]

[[package]]
name = "charset-normalizer"
version = "3.3.2"
requires_python = ">=3.7.0"
summary = "The Real First Universal Charset Detector. Open, modern and actively maintained alternative to Chardet."
files = [
    {file = "charset-normalizer-3.3.2.tar.gz", hash = "sha256:f30c3cb33b24454a82faecaf01b19c18562b1e89558fb6c56de4d9118a032fd5"},
    {file = "charset_normalizer-3.3.2-cp312-cp312-macosx_10_9_universal2.whl", hash = "sha256:0b2b64d2bb6d3fb9112bafa732def486049e63de9618b5843bcdd081d8144cd8"},
    {file = "charset_normalizer-3.3.2-cp312-cp312-macosx_10_9_x86_64.whl", hash = "sha256:ddbb2551d7e0102e7252db79ba445cdab71b26640817ab1e3e3648dad515003b"},
    {file = "charset_normalizer-3.3.2-cp312-cp312-macosx_11_0_arm64.whl", hash = "sha256:55086ee1064215781fff39a1af09518bc9255b50d6333f2e4c74ca09fac6a8f6"},
    {file = "charset_normalizer-3.3.2-cp312-cp312-manylinux_2_17_aarch64.manylinux2014_aarch64.whl", hash = "sha256:8f4a014bc36d3c57402e2977dada34f9c12300af536839dc38c0beab8878f38a"},
    {file = "charset_normalizer-3.3.2-cp312-cp312-manylinux_2_17_ppc64le.manylinux2014_ppc64le.whl", hash = "sha256:a10af20b82360ab00827f916a6058451b723b4e65030c5a18577c8b2de5b3389"},
    {file = "charset_normalizer-3.3.2-cp312-cp312-manylinux_2_17_s390x.manylinux2014_s390x.whl", hash = "sha256:8d756e44e94489e49571086ef83b2bb8ce311e730092d2c34ca8f7d925cb20aa"},
    {file = "charset_normalizer-3.3.2-cp312-cp312-manylinux_2_17_x86_64.manylinux2014_x86_64.whl", hash = "sha256:90d558489962fd4918143277a773316e56c72da56ec7aa3dc3dbbe20fdfed15b"},
    {file = "charset_normalizer-3.3.2-cp312-cp312-manylinux_2_5_i686.manylinux1_i686.manylinux_2_17_i686.manylinux2014_i686.whl", hash = "sha256:6ac7ffc7ad6d040517be39eb591cac5ff87416c2537df6ba3cba3bae290c0fed"},
    {file = "charset_normalizer-3.3.2-cp312-cp312-musllinux_1_1_aarch64.whl", hash = "sha256:7ed9e526742851e8d5cc9e6cf41427dfc6068d4f5a3bb03659444b4cabf6bc26"},
    {file = "charset_normalizer-3.3.2-cp312-cp312-musllinux_1_1_i686.whl", hash = "sha256:8bdb58ff7ba23002a4c5808d608e4e6c687175724f54a5dade5fa8c67b604e4d"},
    {file = "charset_normalizer-3.3.2-cp312-cp312-musllinux_1_1_ppc64le.whl", hash = "sha256:6b3251890fff30ee142c44144871185dbe13b11bab478a88887a639655be1068"},
    {file = "charset_normalizer-3.3.2-cp312-cp312-musllinux_1_1_s390x.whl", hash = "sha256:b4a23f61ce87adf89be746c8a8974fe1c823c891d8f86eb218bb957c924bb143"},
    {file = "charset_normalizer-3.3.2-cp312-cp312-musllinux_1_1_x86_64.whl", hash = "sha256:efcb3f6676480691518c177e3b465bcddf57cea040302f9f4e6e191af91174d4"},
    {file = "charset_normalizer-3.3.2-cp312-cp312-win32.whl", hash = "sha256:d965bba47ddeec8cd560687584e88cf699fd28f192ceb452d1d7ee807c5597b7"},
    {file = "charset_normalizer-3.3.2-cp312-cp312-win_amd64.whl", hash = "sha256:96b02a3dc4381e5494fad39be677abcb5e6634bf7b4fa83a6dd3112607547001"},
    {file = "charset_normalizer-3.3.2-py3-none-any.whl", hash = "sha256:3e4d1f6587322d2788836a99c69062fbb091331ec940e02d12d179c1d53e25fc"},
]

[[package]]
name = "click"
version = "8.1.7"
requires_python = ">=3.7"
summary = "Composable command line interface toolkit"
dependencies = [
    "colorama; platform_system == \"Windows\"",
]
files = [
    {file = "click-8.1.7-py3-none-any.whl", hash = "sha256:ae74fb96c20a0277a1d615f1e4d73c8414f5a98db8b799a7931d1582f3390c28"},
    {file = "click-8.1.7.tar.gz", hash = "sha256:ca9853ad459e787e2192211578cc907e7594e294c7ccc834310722b41b9ca6de"},
]

[[package]]
name = "colorama"
version = "0.4.6"
requires_python = "!=3.0.*,!=3.1.*,!=3.2.*,!=3.3.*,!=3.4.*,!=3.5.*,!=3.6.*,>=2.7"
summary = "Cross-platform colored terminal text."
files = [
    {file = "colorama-0.4.6-py2.py3-none-any.whl", hash = "sha256:4f1d9991f5acc0ca119f9d443620b77f9d6b33703e51011c16baf57afb285fc6"},
    {file = "colorama-0.4.6.tar.gz", hash = "sha256:08695f5cb7ed6e0531a20572697297273c47b8cae5a63ffc6d6ed5c201be6e44"},
]

[[package]]
name = "coverage"
version = "7.3.3"
requires_python = ">=3.8"
summary = "Code coverage measurement for Python"
files = [
    {file = "coverage-7.3.3-cp312-cp312-macosx_10_9_x86_64.whl", hash = "sha256:a2ac4245f18057dfec3b0074c4eb366953bca6787f1ec397c004c78176a23d56"},
    {file = "coverage-7.3.3-cp312-cp312-macosx_11_0_arm64.whl", hash = "sha256:f9191be7af41f0b54324ded600e8ddbcabea23e1e8ba419d9a53b241dece821d"},
    {file = "coverage-7.3.3-cp312-cp312-manylinux_2_17_aarch64.manylinux2014_aarch64.whl", hash = "sha256:31c0b1b8b5a4aebf8fcd227237fc4263aa7fa0ddcd4d288d42f50eff18b0bac4"},
    {file = "coverage-7.3.3-cp312-cp312-manylinux_2_5_i686.manylinux1_i686.manylinux_2_17_i686.manylinux2014_i686.whl", hash = "sha256:ee453085279df1bac0996bc97004771a4a052b1f1e23f6101213e3796ff3cb85"},
    {file = "coverage-7.3.3-cp312-cp312-manylinux_2_5_x86_64.manylinux1_x86_64.manylinux_2_17_x86_64.manylinux2014_x86_64.whl", hash = "sha256:1191270b06ecd68b1d00897b2daddb98e1719f63750969614ceb3438228c088e"},
    {file = "coverage-7.3.3-cp312-cp312-musllinux_1_1_aarch64.whl", hash = "sha256:007a7e49831cfe387473e92e9ff07377f6121120669ddc39674e7244350a6a29"},
    {file = "coverage-7.3.3-cp312-cp312-musllinux_1_1_i686.whl", hash = "sha256:af75cf83c2d57717a8493ed2246d34b1f3398cb8a92b10fd7a1858cad8e78f59"},
    {file = "coverage-7.3.3-cp312-cp312-musllinux_1_1_x86_64.whl", hash = "sha256:811ca7373da32f1ccee2927dc27dc523462fd30674a80102f86c6753d6681bc6"},
    {file = "coverage-7.3.3-cp312-cp312-win32.whl", hash = "sha256:733537a182b5d62184f2a72796eb6901299898231a8e4f84c858c68684b25a70"},
    {file = "coverage-7.3.3-cp312-cp312-win_amd64.whl", hash = "sha256:e995efb191f04b01ced307dbd7407ebf6e6dc209b528d75583277b10fd1800ee"},
    {file = "coverage-7.3.3-pp38.pp39.pp310-none-any.whl", hash = "sha256:d299d379b676812e142fb57662a8d0d810b859421412b4d7af996154c00c31bb"},
    {file = "coverage-7.3.3.tar.gz", hash = "sha256:df04c64e58df96b4427db8d0559e95e2df3138c9916c96f9f6a4dd220db2fdb7"},
]

[[package]]
name = "coverage"
version = "7.3.3"
extras = ["toml"]
requires_python = ">=3.8"
summary = "Code coverage measurement for Python"
dependencies = [
    "coverage==7.3.3",
]
files = [
    {file = "coverage-7.3.3-cp312-cp312-macosx_10_9_x86_64.whl", hash = "sha256:a2ac4245f18057dfec3b0074c4eb366953bca6787f1ec397c004c78176a23d56"},
    {file = "coverage-7.3.3-cp312-cp312-macosx_11_0_arm64.whl", hash = "sha256:f9191be7af41f0b54324ded600e8ddbcabea23e1e8ba419d9a53b241dece821d"},
    {file = "coverage-7.3.3-cp312-cp312-manylinux_2_17_aarch64.manylinux2014_aarch64.whl", hash = "sha256:31c0b1b8b5a4aebf8fcd227237fc4263aa7fa0ddcd4d288d42f50eff18b0bac4"},
    {file = "coverage-7.3.3-cp312-cp312-manylinux_2_5_i686.manylinux1_i686.manylinux_2_17_i686.manylinux2014_i686.whl", hash = "sha256:ee453085279df1bac0996bc97004771a4a052b1f1e23f6101213e3796ff3cb85"},
    {file = "coverage-7.3.3-cp312-cp312-manylinux_2_5_x86_64.manylinux1_x86_64.manylinux_2_17_x86_64.manylinux2014_x86_64.whl", hash = "sha256:1191270b06ecd68b1d00897b2daddb98e1719f63750969614ceb3438228c088e"},
    {file = "coverage-7.3.3-cp312-cp312-musllinux_1_1_aarch64.whl", hash = "sha256:007a7e49831cfe387473e92e9ff07377f6121120669ddc39674e7244350a6a29"},
    {file = "coverage-7.3.3-cp312-cp312-musllinux_1_1_i686.whl", hash = "sha256:af75cf83c2d57717a8493ed2246d34b1f3398cb8a92b10fd7a1858cad8e78f59"},
    {file = "coverage-7.3.3-cp312-cp312-musllinux_1_1_x86_64.whl", hash = "sha256:811ca7373da32f1ccee2927dc27dc523462fd30674a80102f86c6753d6681bc6"},
    {file = "coverage-7.3.3-cp312-cp312-win32.whl", hash = "sha256:733537a182b5d62184f2a72796eb6901299898231a8e4f84c858c68684b25a70"},
    {file = "coverage-7.3.3-cp312-cp312-win_amd64.whl", hash = "sha256:e995efb191f04b01ced307dbd7407ebf6e6dc209b528d75583277b10fd1800ee"},
    {file = "coverage-7.3.3-pp38.pp39.pp310-none-any.whl", hash = "sha256:d299d379b676812e142fb57662a8d0d810b859421412b4d7af996154c00c31bb"},
    {file = "coverage-7.3.3.tar.gz", hash = "sha256:df04c64e58df96b4427db8d0559e95e2df3138c9916c96f9f6a4dd220db2fdb7"},
]

[[package]]
name = "distlib"
version = "0.3.8"
summary = "Distribution utilities"
files = [
    {file = "distlib-0.3.8-py2.py3-none-any.whl", hash = "sha256:034db59a0b96f8ca18035f36290806a9a6e6bd9d1ff91e45a7f172eb17e51784"},
    {file = "distlib-0.3.8.tar.gz", hash = "sha256:1530ea13e350031b6312d8580ddb6b27a104275a31106523b8f123787f494f64"},
]

[[package]]
name = "fancycompleter"
version = "0.9.1"
summary = "colorful TAB completion for Python prompt"
dependencies = [
    "pyreadline; platform_system == \"Windows\"",
    "pyrepl>=0.8.2",
]
files = [
    {file = "fancycompleter-0.9.1-py3-none-any.whl", hash = "sha256:dd076bca7d9d524cc7f25ec8f35ef95388ffef9ef46def4d3d25e9b044ad7080"},
    {file = "fancycompleter-0.9.1.tar.gz", hash = "sha256:09e0feb8ae242abdfd7ef2ba55069a46f011814a80fe5476be48f51b00247272"},
]

[[package]]
name = "filelock"
version = "3.13.1"
requires_python = ">=3.8"
summary = "A platform independent file lock."
files = [
    {file = "filelock-3.13.1-py3-none-any.whl", hash = "sha256:57dbda9b35157b05fb3e58ee91448612eb674172fab98ee235ccb0b5bee19a1c"},
    {file = "filelock-3.13.1.tar.gz", hash = "sha256:521f5f56c50f8426f5e03ad3b281b490a87ef15bc6c526f168290f0c7148d44e"},
]

[[package]]
name = "identify"
version = "2.5.33"
requires_python = ">=3.8"
summary = "File identification library for Python"
files = [
    {file = "identify-2.5.33-py2.py3-none-any.whl", hash = "sha256:d40ce5fcd762817627670da8a7d8d8e65f24342d14539c59488dc603bf662e34"},
    {file = "identify-2.5.33.tar.gz", hash = "sha256:161558f9fe4559e1557e1bff323e8631f6a0e4837f7497767c1782832f16b62d"},
]

[[package]]
name = "idna"
version = "3.6"
requires_python = ">=3.5"
summary = "Internationalized Domain Names in Applications (IDNA)"
files = [
    {file = "idna-3.6-py3-none-any.whl", hash = "sha256:c05567e9c24a6b9faaa835c4821bad0590fbb9d5779e7caa6e1cc4978e7eb24f"},
    {file = "idna-3.6.tar.gz", hash = "sha256:9ecdbbd083b06798ae1e86adcbfe8ab1479cf864e4ee30fe4e46a003d12491ca"},
]

[[package]]
name = "iniconfig"
version = "2.0.0"
requires_python = ">=3.7"
summary = "brain-dead simple config-ini parsing"
files = [
    {file = "iniconfig-2.0.0-py3-none-any.whl", hash = "sha256:b6a85871a79d2e3b22d2d1b94ac2824226a63c6b741c88f7ae975f18b6778374"},
    {file = "iniconfig-2.0.0.tar.gz", hash = "sha256:2d91e135bf72d31a410b17c16da610a82cb55f6b0477d1a902134b24a455b8b3"},
]

[[package]]
name = "mypy"
version = "1.7.1"
requires_python = ">=3.8"
summary = "Optional static typing for Python"
dependencies = [
    "mypy-extensions>=1.0.0",
    "typing-extensions>=4.1.0",
]
files = [
    {file = "mypy-1.7.1-cp312-cp312-macosx_10_9_x86_64.whl", hash = "sha256:6dbdec441c60699288adf051f51a5d512b0d818526d1dcfff5a41f8cd8b4aaf1"},
    {file = "mypy-1.7.1-cp312-cp312-macosx_11_0_arm64.whl", hash = "sha256:4fc3d14ee80cd22367caaaf6e014494415bf440980a3045bf5045b525680ac33"},
    {file = "mypy-1.7.1-cp312-cp312-manylinux_2_17_x86_64.manylinux2014_x86_64.whl", hash = "sha256:2c6e4464ed5f01dc44dc9821caf67b60a4e5c3b04278286a85c067010653a0eb"},
    {file = "mypy-1.7.1-cp312-cp312-musllinux_1_1_x86_64.whl", hash = "sha256:d9b338c19fa2412f76e17525c1b4f2c687a55b156320acb588df79f2e6fa9fea"},
    {file = "mypy-1.7.1-cp312-cp312-win_amd64.whl", hash = "sha256:204e0d6de5fd2317394a4eff62065614c4892d5a4d1a7ee55b765d7a3d9e3f82"},
    {file = "mypy-1.7.1-py3-none-any.whl", hash = "sha256:f7c5d642db47376a0cc130f0de6d055056e010debdaf0707cd2b0fc7e7ef30ea"},
    {file = "mypy-1.7.1.tar.gz", hash = "sha256:fcb6d9afb1b6208b4c712af0dafdc650f518836065df0d4fb1d800f5d6773db2"},
]

[[package]]
name = "mypy-extensions"
version = "1.0.0"
requires_python = ">=3.5"
summary = "Type system extensions for programs checked with the mypy type checker."
files = [
    {file = "mypy_extensions-1.0.0-py3-none-any.whl", hash = "sha256:4392f6c0eb8a5668a69e23d168ffa70f0be9ccfd32b5cc2d26a34ae5b844552d"},
    {file = "mypy_extensions-1.0.0.tar.gz", hash = "sha256:75dbf8955dc00442a438fc4d0666508a9a97b6bd41aa2f0ffe9d2f2725af0782"},
]

[[package]]
name = "nodeenv"
version = "1.8.0"
requires_python = ">=2.7,!=3.0.*,!=3.1.*,!=3.2.*,!=3.3.*,!=3.4.*,!=3.5.*,!=3.6.*"
summary = "Node.js virtual environment builder"
dependencies = [
    "setuptools",
]
files = [
    {file = "nodeenv-1.8.0-py2.py3-none-any.whl", hash = "sha256:df865724bb3c3adc86b3876fa209771517b0cfe596beff01a92700e0e8be4cec"},
    {file = "nodeenv-1.8.0.tar.gz", hash = "sha256:d51e0c37e64fbf47d017feac3145cdbb58836d7eee8c6f6d3b6880c5456227d2"},
]

[[package]]
name = "packaging"
version = "23.2"
requires_python = ">=3.7"
summary = "Core utilities for Python packages"
files = [
    {file = "packaging-23.2-py3-none-any.whl", hash = "sha256:8c491190033a9af7e1d931d0b5dacc2ef47509b34dd0de67ed209b5203fc88c7"},
    {file = "packaging-23.2.tar.gz", hash = "sha256:048fb0e9405036518eaaf48a55953c750c11e1a1b68e0dd1a9d62ed0c092cfc5"},
]

[[package]]
name = "pdbpp"
version = "0.10.3"
summary = "pdb++, a drop-in replacement for pdb"
dependencies = [
    "fancycompleter>=0.8",
    "pygments",
    "wmctrl",
]
files = [
    {file = "pdbpp-0.10.3-py2.py3-none-any.whl", hash = "sha256:79580568e33eb3d6f6b462b1187f53e10cd8e4538f7d31495c9181e2cf9665d1"},
    {file = "pdbpp-0.10.3.tar.gz", hash = "sha256:d9e43f4fda388eeb365f2887f4e7b66ac09dce9b6236b76f63616530e2f669f5"},
]

[[package]]
name = "platformdirs"
version = "4.1.0"
requires_python = ">=3.8"
summary = "A small Python package for determining appropriate platform-specific dirs, e.g. a \"user data dir\"."
files = [
    {file = "platformdirs-4.1.0-py3-none-any.whl", hash = "sha256:11c8f37bcca40db96d8144522d925583bdb7a31f7b0e37e3ed4318400a8e2380"},
    {file = "platformdirs-4.1.0.tar.gz", hash = "sha256:906d548203468492d432bcb294d4bc2fff751bf84971fbb2c10918cc206ee420"},
]

[[package]]
name = "pluggy"
version = "1.3.0"
requires_python = ">=3.8"
summary = "plugin and hook calling mechanisms for python"
files = [
    {file = "pluggy-1.3.0-py3-none-any.whl", hash = "sha256:d89c696a773f8bd377d18e5ecda92b7a3793cbe66c87060a6fb58c7b6e1061f7"},
    {file = "pluggy-1.3.0.tar.gz", hash = "sha256:cf61ae8f126ac6f7c451172cf30e3e43d3ca77615509771b3a984a0730651e12"},
]

[[package]]
name = "pre-commit"
version = "3.6.0"
requires_python = ">=3.9"
summary = "A framework for managing and maintaining multi-language pre-commit hooks."
dependencies = [
    "cfgv>=2.0.0",
    "identify>=1.0.0",
    "nodeenv>=0.11.1",
    "pyyaml>=5.1",
    "virtualenv>=20.10.0",
]
files = [
    {file = "pre_commit-3.6.0-py2.py3-none-any.whl", hash = "sha256:c255039ef399049a5544b6ce13d135caba8f2c28c3b4033277a788f434308376"},
    {file = "pre_commit-3.6.0.tar.gz", hash = "sha256:d30bad9abf165f7785c15a21a1f46da7d0677cb00ee7ff4c579fd38922efe15d"},
]

[[package]]
name = "pygments"
version = "2.17.2"
requires_python = ">=3.7"
summary = "Pygments is a syntax highlighting package written in Python."
files = [
    {file = "pygments-2.17.2-py3-none-any.whl", hash = "sha256:b27c2826c47d0f3219f29554824c30c5e8945175d888647acd804ddd04af846c"},
    {file = "pygments-2.17.2.tar.gz", hash = "sha256:da46cec9fd2de5be3a8a784f434e4c4ab670b4ff54d605c4c2717e9d49c4c367"},
]

[[package]]
name = "pyreadline"
version = "2.1"
summary = "A python implmementation of GNU readline."
files = [
    {file = "pyreadline-2.1.zip", hash = "sha256:4530592fc2e85b25b1a9f79664433da09237c1a270e4d78ea5aa3a2c7229e2d1"},
]

[[package]]
name = "pyrepl"
version = "0.9.0"
summary = "A library for building flexible command line interfaces"
files = [
    {file = "pyrepl-0.9.0.tar.gz", hash = "sha256:292570f34b5502e871bbb966d639474f2b57fbfcd3373c2d6a2f3d56e681a775"},
]

[[package]]
name = "pytest"
version = "7.4.3"
requires_python = ">=3.7"
summary = "pytest: simple powerful testing with Python"
dependencies = [
    "colorama; sys_platform == \"win32\"",
    "iniconfig",
    "packaging",
    "pluggy<2.0,>=0.12",
]
files = [
    {file = "pytest-7.4.3-py3-none-any.whl", hash = "sha256:0d009c083ea859a71b76adf7c1d502e4bc170b80a8ef002da5806527b9591fac"},
    {file = "pytest-7.4.3.tar.gz", hash = "sha256:d989d136982de4e3b29dabcc838ad581c64e8ed52c11fbe86ddebd9da0818cd5"},
]

[[package]]
name = "pytest-cov"
version = "4.1.0"
requires_python = ">=3.7"
summary = "Pytest plugin for measuring coverage."
dependencies = [
    "coverage[toml]>=5.2.1",
    "pytest>=4.6",
]
files = [
    {file = "pytest-cov-4.1.0.tar.gz", hash = "sha256:3904b13dfbfec47f003b8e77fd5b589cd11904a21ddf1ab38a64f204d6a10ef6"},
    {file = "pytest_cov-4.1.0-py3-none-any.whl", hash = "sha256:6ba70b9e97e69fcc3fb45bfeab2d0a138fb65c4d0d6a41ef33983ad114be8c3a"},
]

[[package]]
name = "pyyaml"
version = "6.0.1"
requires_python = ">=3.6"
summary = "YAML parser and emitter for Python"
files = [
    {file = "PyYAML-6.0.1-cp312-cp312-macosx_10_9_x86_64.whl", hash = "sha256:855fb52b0dc35af121542a76b9a84f8d1cd886ea97c84703eaa6d88e37a2ad28"},
    {file = "PyYAML-6.0.1-cp312-cp312-macosx_11_0_arm64.whl", hash = "sha256:40df9b996c2b73138957fe23a16a4f0ba614f4c0efce1e9406a184b6d07fa3a9"},
    {file = "PyYAML-6.0.1-cp312-cp312-manylinux_2_17_x86_64.manylinux2014_x86_64.whl", hash = "sha256:6c22bec3fbe2524cde73d7ada88f6566758a8f7227bfbf93a408a9d86bcc12a0"},
    {file = "PyYAML-6.0.1-cp312-cp312-musllinux_1_1_x86_64.whl", hash = "sha256:8d4e9c88387b0f5c7d5f281e55304de64cf7f9c0021a3525bd3b1c542da3b0e4"},
    {file = "PyYAML-6.0.1-cp312-cp312-win32.whl", hash = "sha256:d483d2cdf104e7c9fa60c544d92981f12ad66a457afae824d146093b8c294c54"},
    {file = "PyYAML-6.0.1-cp312-cp312-win_amd64.whl", hash = "sha256:0d3304d8c0adc42be59c5f8a4d9e3d7379e6955ad754aa9d6ab7a398b59dd1df"},
    {file = "PyYAML-6.0.1.tar.gz", hash = "sha256:bfdf460b1736c775f2ba9f6a92bca30bc2095067b8a9d77876d1fad6cc3b4a43"},
]

[[package]]
name = "requests"
version = "2.31.0"
requires_python = ">=3.7"
summary = "Python HTTP for Humans."
dependencies = [
    "certifi>=2017.4.17",
    "charset-normalizer<4,>=2",
    "idna<4,>=2.5",
    "urllib3<3,>=1.21.1",
]
files = [
    {file = "requests-2.31.0-py3-none-any.whl", hash = "sha256:58cd2187c01e70e6e26505bca751777aa9f2ee0b7f4300988b709f44e013003f"},
    {file = "requests-2.31.0.tar.gz", hash = "sha256:942c5a758f98d790eaed1a29cb6eefc7ffb0d1cf7af05c3d2791656dbd6ad1e1"},
]

[[package]]
name = "ruff"
version = "0.1.8"
requires_python = ">=3.7"
summary = "An extremely fast Python linter and code formatter, written in Rust."
files = [
    {file = "ruff-0.1.8-py3-none-macosx_10_12_x86_64.macosx_11_0_arm64.macosx_10_12_universal2.whl", hash = "sha256:7de792582f6e490ae6aef36a58d85df9f7a0cfd1b0d4fe6b4fb51803a3ac96fa"},
    {file = "ruff-0.1.8-py3-none-macosx_10_12_x86_64.whl", hash = "sha256:c8e3255afd186c142eef4ec400d7826134f028a85da2146102a1172ecc7c3696"},
    {file = "ruff-0.1.8-py3-none-manylinux_2_17_aarch64.manylinux2014_aarch64.whl", hash = "sha256:ff78a7583020da124dd0deb835ece1d87bb91762d40c514ee9b67a087940528b"},
    {file = "ruff-0.1.8-py3-none-manylinux_2_17_armv7l.manylinux2014_armv7l.whl", hash = "sha256:bd8ee69b02e7bdefe1e5da2d5b6eaaddcf4f90859f00281b2333c0e3a0cc9cd6"},
    {file = "ruff-0.1.8-py3-none-manylinux_2_17_i686.manylinux2014_i686.whl", hash = "sha256:a05b0ddd7ea25495e4115a43125e8a7ebed0aa043c3d432de7e7d6e8e8cd6448"},
    {file = "ruff-0.1.8-py3-none-manylinux_2_17_ppc64.manylinux2014_ppc64.whl", hash = "sha256:e6f08ca730f4dc1b76b473bdf30b1b37d42da379202a059eae54ec7fc1fbcfed"},
    {file = "ruff-0.1.8-py3-none-manylinux_2_17_ppc64le.manylinux2014_ppc64le.whl", hash = "sha256:f35960b02df6b827c1b903091bb14f4b003f6cf102705efc4ce78132a0aa5af3"},
    {file = "ruff-0.1.8-py3-none-manylinux_2_17_s390x.manylinux2014_s390x.whl", hash = "sha256:7d076717c67b34c162da7c1a5bda16ffc205e0e0072c03745275e7eab888719f"},
    {file = "ruff-0.1.8-py3-none-manylinux_2_17_x86_64.manylinux2014_x86_64.whl", hash = "sha256:b6a21ab023124eafb7cef6d038f835cb1155cd5ea798edd8d9eb2f8b84be07d9"},
    {file = "ruff-0.1.8-py3-none-musllinux_1_2_aarch64.whl", hash = "sha256:ce697c463458555027dfb194cb96d26608abab920fa85213deb5edf26e026664"},
    {file = "ruff-0.1.8-py3-none-musllinux_1_2_armv7l.whl", hash = "sha256:db6cedd9ffed55548ab313ad718bc34582d394e27a7875b4b952c2d29c001b26"},
    {file = "ruff-0.1.8-py3-none-musllinux_1_2_i686.whl", hash = "sha256:05ffe9dbd278965271252704eddb97b4384bf58b971054d517decfbf8c523f05"},
    {file = "ruff-0.1.8-py3-none-musllinux_1_2_x86_64.whl", hash = "sha256:5daaeaf00ae3c1efec9742ff294b06c3a2a9db8d3db51ee4851c12ad385cda30"},
    {file = "ruff-0.1.8-py3-none-win32.whl", hash = "sha256:e49fbdfe257fa41e5c9e13c79b9e79a23a79bd0e40b9314bc53840f520c2c0b3"},
    {file = "ruff-0.1.8-py3-none-win_amd64.whl", hash = "sha256:f41f692f1691ad87f51708b823af4bb2c5c87c9248ddd3191c8f088e66ce590a"},
    {file = "ruff-0.1.8-py3-none-win_arm64.whl", hash = "sha256:aa8ee4f8440023b0a6c3707f76cadce8657553655dcbb5fc9b2f9bb9bee389f6"},
    {file = "ruff-0.1.8.tar.gz", hash = "sha256:f7ee467677467526cfe135eab86a40a0e8db43117936ac4f9b469ce9cdb3fb62"},
]

[[package]]
name = "setuptools"
version = "69.0.2"
requires_python = ">=3.8"
summary = "Easily download, build, install, upgrade, and uninstall Python packages"
files = [
    {file = "setuptools-69.0.2-py3-none-any.whl", hash = "sha256:1e8fdff6797d3865f37397be788a4e3cba233608e9b509382a2777d25ebde7f2"},
    {file = "setuptools-69.0.2.tar.gz", hash = "sha256:735896e78a4742605974de002ac60562d286fa8051a7e2299445e8e8fbb01aa6"},
]

[[package]]
name = "types-click"
version = "7.1.8"
summary = "Typing stubs for click"
files = [
    {file = "types-click-7.1.8.tar.gz", hash = "sha256:b6604968be6401dc516311ca50708a0a28baa7a0cb840efd7412f0dbbff4e092"},
    {file = "types_click-7.1.8-py3-none-any.whl", hash = "sha256:8cb030a669e2e927461be9827375f83c16b8178c365852c060a34e24871e7e81"},
]

[[package]]
name = "types-requests"
version = "2.31.0.10"
requires_python = ">=3.7"
summary = "Typing stubs for requests"
dependencies = [
    "urllib3>=2",
]
files = [
    {file = "types-requests-2.31.0.10.tar.gz", hash = "sha256:dc5852a76f1eaf60eafa81a2e50aefa3d1f015c34cf0cba130930866b1b22a92"},
    {file = "types_requests-2.31.0.10-py3-none-any.whl", hash = "sha256:b32b9a86beffa876c0c3ac99a4cd3b8b51e973fb8e3bd4e0a6bb32c7efad80fc"},
]

[[package]]
name = "typing-extensions"
version = "4.9.0"
requires_python = ">=3.8"
summary = "Backported and Experimental Type Hints for Python 3.8+"
files = [
    {file = "typing_extensions-4.9.0-py3-none-any.whl", hash = "sha256:af72aea155e91adfc61c3ae9e0e342dbc0cba726d6cba4b6c72c1f34e47291cd"},
    {file = "typing_extensions-4.9.0.tar.gz", hash = "sha256:23478f88c37f27d76ac8aee6c905017a143b0b1b886c3c9f66bc2fd94f9f5783"},
]

[[package]]
name = "urllib3"
version = "2.1.0"
requires_python = ">=3.8"
summary = "HTTP library with thread-safe connection pooling, file post, and more."
files = [
    {file = "urllib3-2.1.0-py3-none-any.whl", hash = "sha256:55901e917a5896a349ff771be919f8bd99aff50b79fe58fec595eb37bbc56bb3"},
    {file = "urllib3-2.1.0.tar.gz", hash = "sha256:df7aa8afb0148fa78488e7899b2c59b5f4ffcfa82e6c54ccb9dd37c1d7b52d54"},
]

[[package]]
name = "virtualenv"
version = "20.25.0"
requires_python = ">=3.7"
summary = "Virtual Python Environment builder"
dependencies = [
    "distlib<1,>=0.3.7",
    "filelock<4,>=3.12.2",
    "platformdirs<5,>=3.9.1",
]
files = [
    {file = "virtualenv-20.25.0-py3-none-any.whl", hash = "sha256:4238949c5ffe6876362d9c0180fc6c3a824a7b12b80604eeb8085f2ed7460de3"},
    {file = "virtualenv-20.25.0.tar.gz", hash = "sha256:bf51c0d9c7dd63ea8e44086fa1e4fb1093a31e963b86959257378aef020e1f1b"},
]

[[package]]
name = "wmctrl"
version = "0.5"
requires_python = ">=2.7"
summary = "A tool to programmatically control windows inside X"
dependencies = [
    "attrs",
]
files = [
    {file = "wmctrl-0.5-py2.py3-none-any.whl", hash = "sha256:ae695c1863a314c899e7cf113f07c0da02a394b968c4772e1936219d9234ddd7"},
    {file = "wmctrl-0.5.tar.gz", hash = "sha256:7839a36b6fe9e2d6fd22304e5dc372dbced2116ba41283ea938b2da57f53e962"},
]
